// !$*UTF8*$!
{
	archiveVersion = 1;
	classes = {
	};
	objectVersion = 46;
	objects = {

/* Begin PBXBuildFile section */
		5E383088830931537A81479F /* Pods_Scruffy.framework in Frameworks */ = {isa = PBXBuildFile; fileRef = FF053657D8792BFE9AB174AA /* Pods_Scruffy.framework */; };
		B112C42C1D50D2C00093141D /* petDetailsViewController.swift in Sources */ = {isa = PBXBuildFile; fileRef = B112C42B1D50D2C00093141D /* petDetailsViewController.swift */; };
		B12EAEA41D3D1E630086D1E0 /* ErrorHandling.swift in Sources */ = {isa = PBXBuildFile; fileRef = B12EAEA31D3D1E630086D1E0 /* ErrorHandling.swift */; };
		B12EAEA61D3D1EAC0086D1E0 /* ParseHelper.swift in Sources */ = {isa = PBXBuildFile; fileRef = B12EAEA51D3D1EAC0086D1E0 /* ParseHelper.swift */; };
		B12EAEA81D3D1FCD0086D1E0 /* imageCaptureViewController.swift in Sources */ = {isa = PBXBuildFile; fileRef = B12EAEA71D3D1FCD0086D1E0 /* imageCaptureViewController.swift */; };
		B12EAEAA1D3D20590086D1E0 /* petNameViewController.swift in Sources */ = {isa = PBXBuildFile; fileRef = B12EAEA91D3D20590086D1E0 /* petNameViewController.swift */; };
		B12EAEAC1D3D20CD0086D1E0 /* petNameDisplayController.swift in Sources */ = {isa = PBXBuildFile; fileRef = B12EAEAB1D3D20CD0086D1E0 /* petNameDisplayController.swift */; };
		B12EAEAE1D3E1DC70086D1E0 /* petDescViewController.swift in Sources */ = {isa = PBXBuildFile; fileRef = B12EAEAD1D3E1DC70086D1E0 /* petDescViewController.swift */; };
		B14DEF561D2E9E80003CE6EE /* AppDelegate.swift in Sources */ = {isa = PBXBuildFile; fileRef = B14DEF551D2E9E80003CE6EE /* AppDelegate.swift */; };
		B14DEF581D2E9E80003CE6EE /* LoginViewController.swift in Sources */ = {isa = PBXBuildFile; fileRef = B14DEF571D2E9E80003CE6EE /* LoginViewController.swift */; };
		B14DEF5D1D2E9E80003CE6EE /* Assets.xcassets in Resources */ = {isa = PBXBuildFile; fileRef = B14DEF5C1D2E9E80003CE6EE /* Assets.xcassets */; };
		B14DEF601D2E9E80003CE6EE /* LaunchScreen.storyboard in Resources */ = {isa = PBXBuildFile; fileRef = B14DEF5E1D2E9E80003CE6EE /* LaunchScreen.storyboard */; };
		B15ADDF51D38C8A1008902D4 /* PostTableViewCell.swift in Sources */ = {isa = PBXBuildFile; fileRef = B15ADDF41D38C8A1008902D4 /* PostTableViewCell.swift */; };
		B15ADDF71D38CEDB008902D4 /* Post.swift in Sources */ = {isa = PBXBuildFile; fileRef = B15ADDF61D38CEDB008902D4 /* Post.swift */; };
		B1806A371D368A6B008FAE92 /* FeedsViewController.swift in Sources */ = {isa = PBXBuildFile; fileRef = B1806A361D368A6B008FAE92 /* FeedsViewController.swift */; };
		B1825AC61D38859400C015A4 /* PostDetailsViewController.swift in Sources */ = {isa = PBXBuildFile; fileRef = B1825AC51D38859400C015A4 /* PostDetailsViewController.swift */; };
		B1825AC81D3886C200C015A4 /* UserInfoViewController.swift in Sources */ = {isa = PBXBuildFile; fileRef = B1825AC71D3886C200C015A4 /* UserInfoViewController.swift */; };
		B1825ACA1D38870500C015A4 /* UserProfileViewController.swift in Sources */ = {isa = PBXBuildFile; fileRef = B1825AC91D38870500C015A4 /* UserProfileViewController.swift */; };
		B1825ACC1D3887F200C015A4 /* PostIndexViewController.swift in Sources */ = {isa = PBXBuildFile; fileRef = B1825ACB1D3887F200C015A4 /* PostIndexViewController.swift */; };
		B18353701D51B90D0006F4B0 /* UserSignUpViewController.swift in Sources */ = {isa = PBXBuildFile; fileRef = B183536F1D51B90D0006F4B0 /* UserSignUpViewController.swift */; };
		B18353721D5200480006F4B0 /* Main.storyboard in Resources */ = {isa = PBXBuildFile; fileRef = B18353711D5200480006F4B0 /* Main.storyboard */; };
/* End PBXBuildFile section */

/* Begin PBXFileReference section */
		1B4143BE2BB98DEACB00B663 /* Pods-Scruffy.debug.xcconfig */ = {isa = PBXFileReference; includeInIndex = 1; lastKnownFileType = text.xcconfig; name = "Pods-Scruffy.debug.xcconfig"; path = "Pods/Target Support Files/Pods-Scruffy/Pods-Scruffy.debug.xcconfig"; sourceTree = "<group>"; };
		842B13ACA9ABB20C39CA6E7F /* Pods-Scruffy.release.xcconfig */ = {isa = PBXFileReference; includeInIndex = 1; lastKnownFileType = text.xcconfig; name = "Pods-Scruffy.release.xcconfig"; path = "Pods/Target Support Files/Pods-Scruffy/Pods-Scruffy.release.xcconfig"; sourceTree = "<group>"; };
		B112C42B1D50D2C00093141D /* petDetailsViewController.swift */ = {isa = PBXFileReference; fileEncoding = 4; lastKnownFileType = sourcecode.swift; path = petDetailsViewController.swift; sourceTree = "<group>"; };
		B12EAEA31D3D1E630086D1E0 /* ErrorHandling.swift */ = {isa = PBXFileReference; fileEncoding = 4; lastKnownFileType = sourcecode.swift; path = ErrorHandling.swift; sourceTree = "<group>"; };
		B12EAEA51D3D1EAC0086D1E0 /* ParseHelper.swift */ = {isa = PBXFileReference; fileEncoding = 4; lastKnownFileType = sourcecode.swift; path = ParseHelper.swift; sourceTree = "<group>"; };
		B12EAEA71D3D1FCD0086D1E0 /* imageCaptureViewController.swift */ = {isa = PBXFileReference; fileEncoding = 4; lastKnownFileType = sourcecode.swift; path = imageCaptureViewController.swift; sourceTree = "<group>"; };
		B12EAEA91D3D20590086D1E0 /* petNameViewController.swift */ = {isa = PBXFileReference; fileEncoding = 4; lastKnownFileType = sourcecode.swift; path = petNameViewController.swift; sourceTree = "<group>"; };
		B12EAEAB1D3D20CD0086D1E0 /* petNameDisplayController.swift */ = {isa = PBXFileReference; fileEncoding = 4; lastKnownFileType = sourcecode.swift; path = petNameDisplayController.swift; sourceTree = "<group>"; };
		B12EAEAD1D3E1DC70086D1E0 /* petDescViewController.swift */ = {isa = PBXFileReference; fileEncoding = 4; lastKnownFileType = sourcecode.swift; path = petDescViewController.swift; sourceTree = "<group>"; };
		B14DEF521D2E9E80003CE6EE /* Scruffy.app */ = {isa = PBXFileReference; explicitFileType = wrapper.application; includeInIndex = 0; path = Scruffy.app; sourceTree = BUILT_PRODUCTS_DIR; };
		B14DEF551D2E9E80003CE6EE /* AppDelegate.swift */ = {isa = PBXFileReference; lastKnownFileType = sourcecode.swift; path = AppDelegate.swift; sourceTree = "<group>"; };
		B14DEF571D2E9E80003CE6EE /* LoginViewController.swift */ = {isa = PBXFileReference; lastKnownFileType = sourcecode.swift; name = LoginViewController.swift; path = ../../../../Scruffy/Scruffy/LoginViewController.swift; sourceTree = "<group>"; };
		B14DEF5C1D2E9E80003CE6EE /* Assets.xcassets */ = {isa = PBXFileReference; lastKnownFileType = folder.assetcatalog; path = Assets.xcassets; sourceTree = "<group>"; };
		B14DEF5F1D2E9E80003CE6EE /* Base */ = {isa = PBXFileReference; lastKnownFileType = file.storyboard; name = Base; path = Base.lproj/LaunchScreen.storyboard; sourceTree = "<group>"; };
		B14DEF611D2E9E80003CE6EE /* Info.plist */ = {isa = PBXFileReference; lastKnownFileType = text.plist.xml; path = Info.plist; sourceTree = "<group>"; };
		B15ADDF41D38C8A1008902D4 /* PostTableViewCell.swift */ = {isa = PBXFileReference; fileEncoding = 4; lastKnownFileType = sourcecode.swift; path = PostTableViewCell.swift; sourceTree = "<group>"; };
		B15ADDF61D38CEDB008902D4 /* Post.swift */ = {isa = PBXFileReference; fileEncoding = 4; lastKnownFileType = sourcecode.swift; path = Post.swift; sourceTree = "<group>"; };
		B1806A361D368A6B008FAE92 /* FeedsViewController.swift */ = {isa = PBXFileReference; fileEncoding = 4; lastKnownFileType = sourcecode.swift; name = FeedsViewController.swift; path = ../../../../Scruffy/Scruffy/FeedsViewController.swift; sourceTree = "<group>"; };
		B1825AC51D38859400C015A4 /* PostDetailsViewController.swift */ = {isa = PBXFileReference; fileEncoding = 4; lastKnownFileType = sourcecode.swift; name = PostDetailsViewController.swift; path = ../../../../Scruffy/Scruffy/PostDetailsViewController.swift; sourceTree = "<group>"; };
		B1825AC71D3886C200C015A4 /* UserInfoViewController.swift */ = {isa = PBXFileReference; fileEncoding = 4; lastKnownFileType = sourcecode.swift; name = UserInfoViewController.swift; path = ../../../../Scruffy/Scruffy/UserInfoViewController.swift; sourceTree = "<group>"; };
		B1825AC91D38870500C015A4 /* UserProfileViewController.swift */ = {isa = PBXFileReference; fileEncoding = 4; lastKnownFileType = sourcecode.swift; name = UserProfileViewController.swift; path = ../../../../Scruffy/Scruffy/UserProfileViewController.swift; sourceTree = "<group>"; };
		B1825ACB1D3887F200C015A4 /* PostIndexViewController.swift */ = {isa = PBXFileReference; fileEncoding = 4; lastKnownFileType = sourcecode.swift; name = PostIndexViewController.swift; path = ../../../../Scruffy/Scruffy/PostIndexViewController.swift; sourceTree = "<group>"; };
		B183536F1D51B90D0006F4B0 /* UserSignUpViewController.swift */ = {isa = PBXFileReference; fileEncoding = 4; lastKnownFileType = sourcecode.swift; path = UserSignUpViewController.swift; sourceTree = "<group>"; };
		B18353711D5200480006F4B0 /* Main.storyboard */ = {isa = PBXFileReference; fileEncoding = 4; lastKnownFileType = file.storyboard; path = Main.storyboard; sourceTree = "<group>"; };
		FF053657D8792BFE9AB174AA /* Pods_Scruffy.framework */ = {isa = PBXFileReference; explicitFileType = wrapper.framework; includeInIndex = 0; path = Pods_Scruffy.framework; sourceTree = BUILT_PRODUCTS_DIR; };
/* End PBXFileReference section */

/* Begin PBXFrameworksBuildPhase section */
		B14DEF4F1D2E9E80003CE6EE /* Frameworks */ = {
			isa = PBXFrameworksBuildPhase;
			buildActionMask = 2147483647;
			files = (
				5E383088830931537A81479F /* Pods_Scruffy.framework in Frameworks */,
			);
			runOnlyForDeploymentPostprocessing = 0;
		};
/* End PBXFrameworksBuildPhase section */

/* Begin PBXGroup section */
		15F05FC82DF81092EC92442D /* Pods */ = {
			isa = PBXGroup;
			children = (
				1B4143BE2BB98DEACB00B663 /* Pods-Scruffy.debug.xcconfig */,
				842B13ACA9ABB20C39CA6E7F /* Pods-Scruffy.release.xcconfig */,
			);
			name = Pods;
			sourceTree = "<group>";
		};
		B14DEF491D2E9E80003CE6EE = {
			isa = PBXGroup;
			children = (
				B14DEF541D2E9E80003CE6EE /* Scruffy */,
				B14DEF531D2E9E80003CE6EE /* Products */,
				15F05FC82DF81092EC92442D /* Pods */,
				E36EB318CEB20E9FAFDC19E1 /* Frameworks */,
			);
			sourceTree = "<group>";
		};
		B14DEF531D2E9E80003CE6EE /* Products */ = {
			isa = PBXGroup;
			children = (
				B14DEF521D2E9E80003CE6EE /* Scruffy.app */,
			);
			name = Products;
			sourceTree = "<group>";
		};
		B14DEF541D2E9E80003CE6EE /* Scruffy */ = {
			isa = PBXGroup;
			children = (
				B1ED84691D38AFD80029BB67 /* Models */,
				B1ED846A1D38AFFF0029BB67 /* Helpers */,
				B1ED846B1D38AFFF0029BB67 /* Controllers */,
				B14DEF551D2E9E80003CE6EE /* AppDelegate.swift */,
				B15ADDEC1D38C60A008902D4 /* Views */,
				B18353711D5200480006F4B0 /* Main.storyboard */,
				B14DEF5C1D2E9E80003CE6EE /* Assets.xcassets */,
				B14DEF5E1D2E9E80003CE6EE /* LaunchScreen.storyboard */,
				B14DEF611D2E9E80003CE6EE /* Info.plist */,
			);
			path = Scruffy;
			sourceTree = "<group>";
		};
		B15ADDEC1D38C60A008902D4 /* Views */ = {
			isa = PBXGroup;
			children = (
				B15ADDED1D38C6B5008902D4 /* Feeds */,
			);
			name = Views;
			path = "../../Make School Projects/Scruffy/Scruffy/Views";
			sourceTree = "<group>";
		};
		B15ADDED1D38C6B5008902D4 /* Feeds */ = {
			isa = PBXGroup;
			children = (
				B15ADDF41D38C8A1008902D4 /* PostTableViewCell.swift */,
			);
			path = Feeds;
			sourceTree = "<group>";
		};
		B1ED84691D38AFD80029BB67 /* Models */ = {
			isa = PBXGroup;
			children = (
				B15ADDF61D38CEDB008902D4 /* Post.swift */,
			);
			name = Models;
			path = "../../Make School Projects/Scruffy/Scruffy/Models";
			sourceTree = "<group>";
		};
		B1ED846A1D38AFFF0029BB67 /* Helpers */ = {
			isa = PBXGroup;
			children = (
				B12EAEA31D3D1E630086D1E0 /* ErrorHandling.swift */,
				B12EAEA51D3D1EAC0086D1E0 /* ParseHelper.swift */,
			);
			name = Helpers;
			path = "../../Make School Projects/Scruffy/Scruffy/Helpers";
			sourceTree = "<group>";
		};
		B1ED846B1D38AFFF0029BB67 /* Controllers */ = {
			isa = PBXGroup;
			children = (
				B14DEF571D2E9E80003CE6EE /* LoginViewController.swift */,
				B1806A361D368A6B008FAE92 /* FeedsViewController.swift */,
				B1825AC51D38859400C015A4 /* PostDetailsViewController.swift */,
				B1825ACB1D3887F200C015A4 /* PostIndexViewController.swift */,
				B1825AC71D3886C200C015A4 /* UserInfoViewController.swift */,
				B1825AC91D38870500C015A4 /* UserProfileViewController.swift */,
				B12EAEA71D3D1FCD0086D1E0 /* imageCaptureViewController.swift */,
				B12EAEA91D3D20590086D1E0 /* petNameViewController.swift */,
				B12EAEAD1D3E1DC70086D1E0 /* petDescViewController.swift */,
				B112C42B1D50D2C00093141D /* petDetailsViewController.swift */,
				B12EAEAB1D3D20CD0086D1E0 /* petNameDisplayController.swift */,
				B183536F1D51B90D0006F4B0 /* UserSignUpViewController.swift */,
			);
			name = Controllers;
			path = "../../Make School Projects/Scruffy/Scruffy/Controllers";
			sourceTree = "<group>";
		};
		E36EB318CEB20E9FAFDC19E1 /* Frameworks */ = {
			isa = PBXGroup;
			children = (
				FF053657D8792BFE9AB174AA /* Pods_Scruffy.framework */,
			);
			name = Frameworks;
			sourceTree = "<group>";
		};
/* End PBXGroup section */

/* Begin PBXNativeTarget section */
		B14DEF511D2E9E80003CE6EE /* Scruffy */ = {
			isa = PBXNativeTarget;
			buildConfigurationList = B14DEF641D2E9E80003CE6EE /* Build configuration list for PBXNativeTarget "Scruffy" */;
			buildPhases = (
				39ADA00FE6F6E86D28874939 /* [CP] Check Pods Manifest.lock */,
				B14DEF4E1D2E9E80003CE6EE /* Sources */,
				B14DEF4F1D2E9E80003CE6EE /* Frameworks */,
				B14DEF501D2E9E80003CE6EE /* Resources */,
				9C5EACC18FC51E9CD4789B63 /* [CP] Embed Pods Frameworks */,
				45C8B0A17A0D6DA0D6D7F33A /* [CP] Copy Pods Resources */,
			);
			buildRules = (
			);
			dependencies = (
			);
			name = Scruffy;
			productName = Scruffy;
			productReference = B14DEF521D2E9E80003CE6EE /* Scruffy.app */;
			productType = "com.apple.product-type.application";
		};
/* End PBXNativeTarget section */

/* Begin PBXProject section */
		B14DEF4A1D2E9E80003CE6EE /* Project object */ = {
			isa = PBXProject;
			attributes = {
				LastSwiftUpdateCheck = 0730;
				LastUpgradeCheck = 0730;
				ORGANIZATIONNAME = "Veronica Tan";
				TargetAttributes = {
					B14DEF511D2E9E80003CE6EE = {
						CreatedOnToolsVersion = 7.3.1;
					};
				};
			};
			buildConfigurationList = B14DEF4D1D2E9E80003CE6EE /* Build configuration list for PBXProject "Scruffy" */;
			compatibilityVersion = "Xcode 3.2";
			developmentRegion = English;
			hasScannedForEncodings = 0;
			knownRegions = (
				en,
				Base,
			);
			mainGroup = B14DEF491D2E9E80003CE6EE;
			productRefGroup = B14DEF531D2E9E80003CE6EE /* Products */;
			projectDirPath = "";
			projectRoot = "";
			targets = (
				B14DEF511D2E9E80003CE6EE /* Scruffy */,
			);
		};
/* End PBXProject section */

/* Begin PBXResourcesBuildPhase section */
		B14DEF501D2E9E80003CE6EE /* Resources */ = {
			isa = PBXResourcesBuildPhase;
			buildActionMask = 2147483647;
			files = (
				B18353721D5200480006F4B0 /* Main.storyboard in Resources */,
				B14DEF601D2E9E80003CE6EE /* LaunchScreen.storyboard in Resources */,
				B14DEF5D1D2E9E80003CE6EE /* Assets.xcassets in Resources */,
			);
			runOnlyForDeploymentPostprocessing = 0;
		};
/* End PBXResourcesBuildPhase section */

/* Begin PBXShellScriptBuildPhase section */
		39ADA00FE6F6E86D28874939 /* [CP] Check Pods Manifest.lock */ = {
			isa = PBXShellScriptBuildPhase;
			buildActionMask = 2147483647;
			files = (
			);
			inputPaths = (
			);
			name = "[CP] Check Pods Manifest.lock";
			outputPaths = (
			);
			runOnlyForDeploymentPostprocessing = 0;
			shellPath = /bin/sh;
			shellScript = "diff \"${PODS_ROOT}/../Podfile.lock\" \"${PODS_ROOT}/Manifest.lock\" > /dev/null\nif [[ $? != 0 ]] ; then\n    cat << EOM\nerror: The sandbox is not in sync with the Podfile.lock. Run 'pod install' or update your CocoaPods installation.\nEOM\n    exit 1\nfi\n";
			showEnvVarsInLog = 0;
		};
		45C8B0A17A0D6DA0D6D7F33A /* [CP] Copy Pods Resources */ = {
			isa = PBXShellScriptBuildPhase;
			buildActionMask = 2147483647;
			files = (
			);
			inputPaths = (
			);
			name = "[CP] Copy Pods Resources";
			outputPaths = (
			);
			runOnlyForDeploymentPostprocessing = 0;
			shellPath = /bin/sh;
			shellScript = "\"${SRCROOT}/Pods/Target Support Files/Pods-Scruffy/Pods-Scruffy-resources.sh\"\n";
			showEnvVarsInLog = 0;
		};
		9C5EACC18FC51E9CD4789B63 /* [CP] Embed Pods Frameworks */ = {
			isa = PBXShellScriptBuildPhase;
			buildActionMask = 2147483647;
			files = (
			);
			inputPaths = (
			);
			name = "[CP] Embed Pods Frameworks";
			outputPaths = (
			);
			runOnlyForDeploymentPostprocessing = 0;
			shellPath = /bin/sh;
			shellScript = "\"${SRCROOT}/Pods/Target Support Files/Pods-Scruffy/Pods-Scruffy-frameworks.sh\"\n";
			showEnvVarsInLog = 0;
		};
/* End PBXShellScriptBuildPhase section */

/* Begin PBXSourcesBuildPhase section */
		B14DEF4E1D2E9E80003CE6EE /* Sources */ = {
			isa = PBXSourcesBuildPhase;
			buildActionMask = 2147483647;
			files = (
				B1806A371D368A6B008FAE92 /* FeedsViewController.swift in Sources */,
				B18353701D51B90D0006F4B0 /* UserSignUpViewController.swift in Sources */,
				B15ADDF71D38CEDB008902D4 /* Post.swift in Sources */,
				B1825ACA1D38870500C015A4 /* UserProfileViewController.swift in Sources */,
				B112C42C1D50D2C00093141D /* petDetailsViewController.swift in Sources */,
				B12EAEA81D3D1FCD0086D1E0 /* imageCaptureViewController.swift in Sources */,
				B1825ACC1D3887F200C015A4 /* PostIndexViewController.swift in Sources */,
				B14DEF581D2E9E80003CE6EE /* LoginViewController.swift in Sources */,
				B1825AC81D3886C200C015A4 /* UserInfoViewController.swift in Sources */,
				B12EAEAE1D3E1DC70086D1E0 /* petDescViewController.swift in Sources */,
				B1825AC61D38859400C015A4 /* PostDetailsViewController.swift in Sources */,
				B12EAEA41D3D1E630086D1E0 /* ErrorHandling.swift in Sources */,
				B15ADDF51D38C8A1008902D4 /* PostTableViewCell.swift in Sources */,
				B12EAEAA1D3D20590086D1E0 /* petNameViewController.swift in Sources */,
				B12EAEAC1D3D20CD0086D1E0 /* petNameDisplayController.swift in Sources */,
				B12EAEA61D3D1EAC0086D1E0 /* ParseHelper.swift in Sources */,
				B14DEF561D2E9E80003CE6EE /* AppDelegate.swift in Sources */,
			);
			runOnlyForDeploymentPostprocessing = 0;
		};
/* End PBXSourcesBuildPhase section */

/* Begin PBXVariantGroup section */
		B14DEF5E1D2E9E80003CE6EE /* LaunchScreen.storyboard */ = {
			isa = PBXVariantGroup;
			children = (
				B14DEF5F1D2E9E80003CE6EE /* Base */,
			);
			name = LaunchScreen.storyboard;
			sourceTree = "<group>";
		};
/* End PBXVariantGroup section */

/* Begin XCBuildConfiguration section */
		B14DEF621D2E9E80003CE6EE /* Debug */ = {
			isa = XCBuildConfiguration;
			buildSettings = {
				ALWAYS_SEARCH_USER_PATHS = NO;
				CLANG_ANALYZER_NONNULL = YES;
				CLANG_CXX_LANGUAGE_STANDARD = "gnu++0x";
				CLANG_CXX_LIBRARY = "libc++";
				CLANG_ENABLE_MODULES = YES;
				CLANG_ENABLE_OBJC_ARC = YES;
				CLANG_WARN_BOOL_CONVERSION = YES;
				CLANG_WARN_CONSTANT_CONVERSION = YES;
				CLANG_WARN_DIRECT_OBJC_ISA_USAGE = YES_ERROR;
				CLANG_WARN_EMPTY_BODY = YES;
				CLANG_WARN_ENUM_CONVERSION = YES;
				CLANG_WARN_INT_CONVERSION = YES;
				CLANG_WARN_OBJC_ROOT_CLASS = YES_ERROR;
				CLANG_WARN_UNREACHABLE_CODE = YES;
				CLANG_WARN__DUPLICATE_METHOD_MATCH = YES;
				"CODE_SIGN_IDENTITY[sdk=iphoneos*]" = "iPhone Developer";
				COPY_PHASE_STRIP = NO;
				DEBUG_INFORMATION_FORMAT = dwarf;
				ENABLE_STRICT_OBJC_MSGSEND = YES;
				ENABLE_TESTABILITY = YES;
				GCC_C_LANGUAGE_STANDARD = gnu99;
				GCC_DYNAMIC_NO_PIC = NO;
				GCC_NO_COMMON_BLOCKS = YES;
				GCC_OPTIMIZATION_LEVEL = 0;
				GCC_PREPROCESSOR_DEFINITIONS = (
					"DEBUG=1",
					"$(inherited)",
				);
				GCC_WARN_64_TO_32_BIT_CONVERSION = YES;
				GCC_WARN_ABOUT_RETURN_TYPE = YES_ERROR;
				GCC_WARN_UNDECLARED_SELECTOR = YES;
				GCC_WARN_UNINITIALIZED_AUTOS = YES_AGGRESSIVE;
				GCC_WARN_UNUSED_FUNCTION = YES;
				GCC_WARN_UNUSED_VARIABLE = YES;
				IPHONEOS_DEPLOYMENT_TARGET = 9.3;
				MTL_ENABLE_DEBUG_INFO = YES;
				ONLY_ACTIVE_ARCH = YES;
				SDKROOT = iphoneos;
				SWIFT_OPTIMIZATION_LEVEL = "-Onone";
				TARGETED_DEVICE_FAMILY = "1,2";
			};
			name = Debug;
		};
		B14DEF631D2E9E80003CE6EE /* Release */ = {
			isa = XCBuildConfiguration;
			buildSettings = {
				ALWAYS_SEARCH_USER_PATHS = NO;
				CLANG_ANALYZER_NONNULL = YES;
				CLANG_CXX_LANGUAGE_STANDARD = "gnu++0x";
				CLANG_CXX_LIBRARY = "libc++";
				CLANG_ENABLE_MODULES = YES;
				CLANG_ENABLE_OBJC_ARC = YES;
				CLANG_WARN_BOOL_CONVERSION = YES;
				CLANG_WARN_CONSTANT_CONVERSION = YES;
				CLANG_WARN_DIRECT_OBJC_ISA_USAGE = YES_ERROR;
				CLANG_WARN_EMPTY_BODY = YES;
				CLANG_WARN_ENUM_CONVERSION = YES;
				CLANG_WARN_INT_CONVERSION = YES;
				CLANG_WARN_OBJC_ROOT_CLASS = YES_ERROR;
				CLANG_WARN_UNREACHABLE_CODE = YES;
				CLANG_WARN__DUPLICATE_METHOD_MATCH = YES;
				"CODE_SIGN_IDENTITY[sdk=iphoneos*]" = "iPhone Developer";
				COPY_PHASE_STRIP = NO;
				DEBUG_INFORMATION_FORMAT = "dwarf-with-dsym";
				ENABLE_NS_ASSERTIONS = NO;
				ENABLE_STRICT_OBJC_MSGSEND = YES;
				GCC_C_LANGUAGE_STANDARD = gnu99;
				GCC_NO_COMMON_BLOCKS = YES;
				GCC_WARN_64_TO_32_BIT_CONVERSION = YES;
				GCC_WARN_ABOUT_RETURN_TYPE = YES_ERROR;
				GCC_WARN_UNDECLARED_SELECTOR = YES;
				GCC_WARN_UNINITIALIZED_AUTOS = YES_AGGRESSIVE;
				GCC_WARN_UNUSED_FUNCTION = YES;
				GCC_WARN_UNUSED_VARIABLE = YES;
				IPHONEOS_DEPLOYMENT_TARGET = 9.3;
				MTL_ENABLE_DEBUG_INFO = NO;
				SDKROOT = iphoneos;
				TARGETED_DEVICE_FAMILY = "1,2";
				VALIDATE_PRODUCT = YES;
			};
			name = Release;
		};
		B14DEF651D2E9E80003CE6EE /* Debug */ = {
			isa = XCBuildConfiguration;
			baseConfigurationReference = 1B4143BE2BB98DEACB00B663 /* Pods-Scruffy.debug.xcconfig */;
			buildSettings = {
				ASSETCATALOG_COMPILER_APPICON_NAME = AppIcon;
				INFOPLIST_FILE = Scruffy/Info.plist;
				LD_RUNPATH_SEARCH_PATHS = "$(inherited) @executable_path/Frameworks";
				PRODUCT_BUNDLE_IDENTIFIER = com.makeschool.Scruffy;
				PRODUCT_NAME = "$(TARGET_NAME)";
			};
			name = Debug;
		};
		B14DEF661D2E9E80003CE6EE /* Release */ = {
			isa = XCBuildConfiguration;
			baseConfigurationReference = 842B13ACA9ABB20C39CA6E7F /* Pods-Scruffy.release.xcconfig */;
			buildSettings = {
				ASSETCATALOG_COMPILER_APPICON_NAME = AppIcon;
				INFOPLIST_FILE = Scruffy/Info.plist;
				LD_RUNPATH_SEARCH_PATHS = "$(inherited) @executable_path/Frameworks";
				PRODUCT_BUNDLE_IDENTIFIER = com.makeschool.Scruffy;
				PRODUCT_NAME = "$(TARGET_NAME)";
			};
			name = Release;
		};
/* End XCBuildConfiguration section */

/* Begin XCConfigurationList section */
		B14DEF4D1D2E9E80003CE6EE /* Build configuration list for PBXProject "Scruffy" */ = {
			isa = XCConfigurationList;
			buildConfigurations = (
				B14DEF621D2E9E80003CE6EE /* Debug */,
				B14DEF631D2E9E80003CE6EE /* Release */,
			);
			defaultConfigurationIsVisible = 0;
			defaultConfigurationName = Release;
		};
		B14DEF641D2E9E80003CE6EE /* Build configuration list for PBXNativeTarget "Scruffy" */ = {
			isa = XCConfigurationList;
			buildConfigurations = (
				B14DEF651D2E9E80003CE6EE /* Debug */,
				B14DEF661D2E9E80003CE6EE /* Release */,
			);
			defaultConfigurationIsVisible = 0;
			defaultConfigurationName = Release;
		};
/* End XCConfigurationList section */
	};
	rootObject = B14DEF4A1D2E9E80003CE6EE /* Project object */;
}
